
Microsoft Visual Studio Solution File, Format Version 12.00
# Visual Studio Version 17
VisualStudioVersion = 17.11.35219.272
MinimumVisualStudioVersion = 10.0.40219.1
Project("{FAE04EC0-301F-11D3-BF4B-00C04F79EFBC}") = "inprobitas", "inprobitas\inprobitas.csproj", "{D680AD48-8BBB-4903-BECB-D22C0F6D102B}"
EndProject
Global
	GlobalSection(SolutionConfigurationPlatforms) = preSolution
		Debug|Any CPU = Debug|Any CPU
		Release|Any CPU = Release|Any CPU
	EndGlobalSection
	GlobalSection(ProjectConfigurationPlatforms) = postSolution
		{D680AD48-8BBB-4903-BECB-D22C0F6D102B}.Debug|Any CPU.ActiveCfg = Debug|Any CPU
		{D680AD48-8BBB-4903-BECB-D22C0F6D102B}.Debug|Any CPU.Build.0 = Debug|Any CPU
		{D680AD48-8BBB-4903-BECB-D22C0F6D102B}.Release|Any CPU.ActiveCfg = Release|Any CPU
		{D680AD48-8BBB-4903-BECB-D22C0F6D102B}.Release|Any CPU.Build.0 = Release|Any CPU
	EndGlobalSection
	GlobalSection(SolutionProperties) = preSolution
		HideSolutionNode = FALSE
	EndGlobalSection
	GlobalSection(ExtensibilityGlobals) = postSolution
		SolutionGuid = {76559519-94FE-465E-95F5-826FA52FADE2}
	EndGlobalSection
EndGlobal
